{
  "pins" : [
    {
      "identity" : "alamofire",
      "kind" : "remoteSourceControl",
      "location" : "https://github.com/Alamofire/Alamofire.git",
      "state" : {
        "revision" : "78424be314842833c04bc3bef5b72e85fff99204",
        "version" : "5.6.4"
      }
    },
    {
      "identity" : "cryptoswift",
      "kind" : "remoteSourceControl",
      "location" : "https://github.com/krzyzanowskim/CryptoSwift.git",
      "state" : {
        "revision" : "19b3c3ceed117c5cc883517c4e658548315ba70b",
        "version" : "1.6.0"
      }
    },
    {
      "identity" : "jwt-kit",
      "kind" : "remoteSourceControl",
      "location" : "https://github.com/vapor/jwt-kit",
      "state" : {
        "revision" : "dcd78f07e092ac9138327e2bfbb0687a55a80850",
        "version" : "4.8.0"
      }
    },
    {
      "identity" : "metamask-ios-sdk",
      "kind" : "remoteSourceControl",
      "location" : "https://github.com/MetaMask/metamask-ios-sdk",
      "state" : {
        "revision" : "dd1bd3b77edea5fb3defd0a9b4d314fff57d3114",
        "version" : "0.1.1"
      }
    },
    {
      "identity" : "moya",
      "kind" : "remoteSourceControl",
      "location" : "https://github.com/Moya/Moya.git",
      "state" : {
        "revision" : "c263811c1f3dbf002be9bd83107f7cdc38992b26",
        "version" : "15.0.3"
      }
    },
    {
      "identity" : "reactiveswift",
      "kind" : "remoteSourceControl",
      "location" : "https://github.com/ReactiveCocoa/ReactiveSwift.git",
      "state" : {
        "revision" : "c43bae3dac73fdd3cb906bd5a1914686ca71ed3c",
        "version" : "6.7.0"
      }
    },
    {
      "identity" : "rxswift",
      "kind" : "remoteSourceControl",
      "location" : "https://github.com/ReactiveX/RxSwift.git",
      "state" : {
        "revision" : "b4307ba0b6425c0ba4178e138799946c3da594f8",
        "version" : "6.5.0"
      }
    },
    {
      "identity" : "socket.io-client-swift",
      "kind" : "remoteSourceControl",
      "location" : "https://github.com/socketio/socket.io-client-swift",
      "state" : {
        "revision" : "af5ce97b755d964235348d96f6db5cbdcbe334a5",
        "version" : "16.0.1"
      }
    },
    {
      "identity" : "starscream",
      "kind" : "remoteSourceControl",
      "location" : "https://github.com/daltoniam/Starscream",
      "state" : {
        "revision" : "df8d82047f6654d8e4b655d1b1525c64e1059d21",
        "version" : "4.0.4"
      }
    },
    {
      "identity" : "swift-crypto",
      "kind" : "remoteSourceControl",
      "location" : "https://github.com/apple/swift-crypto.git",
      "state" : {
        "revision" : "da0fe44138ab86e380f40a2acbd8a611b07d3f64",
        "version" : "2.4.0"
      }
    }
  ],
  "version" : 2
}
